
Microsoft Visual Studio Solution File, Format Version 12.00
# Visual Studio Version 17
VisualStudioVersion = 17.12.35527.113 d17.12
MinimumVisualStudioVersion = 10.0.40219.1
Project("{FAE04EC0-301F-11D3-BF4B-00C04F79EFBC}") = "HRManagementSystem.API", "HRManagementSystem.API\HRManagementSystem.API.csproj", "{DD5CEF75-1C23-405E-B78A-502A10C2A8A9}"
EndProject
Project("{FAE04EC0-301F-11D3-BF4B-00C04F79EFBC}") = "HRManagementSystem.BL", "HRManagementSystem.BL\HRManagementSystem.BL.csproj", "{06D3F9D1-ADC1-4F03-8999-43F470A2F4F3}"
EndProject
Project("{FAE04EC0-301F-11D3-BF4B-00C04F79EFBC}") = "HRManagementSystem.DAL", "HRManagementSystem.DAL\HRManagementSystem.DAL.csproj", "{EA5B3A1B-CA9A-4178-B710-A130B0CBA40F}"
EndProject
Global
	GlobalSection(SolutionConfigurationPlatforms) = preSolution
		Debug|Any CPU = Debug|Any CPU
		Release|Any CPU = Release|Any CPU
	EndGlobalSection
	GlobalSection(ProjectConfigurationPlatforms) = postSolution
		{DD5CEF75-1C23-405E-B78A-502A10C2A8A9}.Debug|Any CPU.ActiveCfg = Debug|Any CPU
		{DD5CEF75-1C23-405E-B78A-502A10C2A8A9}.Debug|Any CPU.Build.0 = Debug|Any CPU
		{DD5CEF75-1C23-405E-B78A-502A10C2A8A9}.Release|Any CPU.ActiveCfg = Release|Any CPU
		{DD5CEF75-1C23-405E-B78A-502A10C2A8A9}.Release|Any CPU.Build.0 = Release|Any CPU
		{06D3F9D1-ADC1-4F03-8999-43F470A2F4F3}.Debug|Any CPU.ActiveCfg = Debug|Any CPU
		{06D3F9D1-ADC1-4F03-8999-43F470A2F4F3}.Debug|Any CPU.Build.0 = Debug|Any CPU
		{06D3F9D1-ADC1-4F03-8999-43F470A2F4F3}.Release|Any CPU.ActiveCfg = Release|Any CPU
		{06D3F9D1-ADC1-4F03-8999-43F470A2F4F3}.Release|Any CPU.Build.0 = Release|Any CPU
		{EA5B3A1B-CA9A-4178-B710-A130B0CBA40F}.Debug|Any CPU.ActiveCfg = Debug|Any CPU
		{EA5B3A1B-CA9A-4178-B710-A130B0CBA40F}.Debug|Any CPU.Build.0 = Debug|Any CPU
		{EA5B3A1B-CA9A-4178-B710-A130B0CBA40F}.Release|Any CPU.ActiveCfg = Release|Any CPU
		{EA5B3A1B-CA9A-4178-B710-A130B0CBA40F}.Release|Any CPU.Build.0 = Release|Any CPU
	EndGlobalSection
	GlobalSection(SolutionProperties) = preSolution
		HideSolutionNode = FALSE
	EndGlobalSection
EndGlobal
